
Microsoft Visual Studio Solution File, Format Version 12.00
# Visual Studio Version 17
VisualStudioVersion = 17.12.35514.174
MinimumVisualStudioVersion = 10.0.40219.1
Project("{FAE04EC0-301F-11D3-BF4B-00C04F79EFBC}") = "Lumen.App.WebAPI", "Lumen.App.WebAPI\Lumen.App.WebAPI.csproj", "{1B9C811C-270D-427E-A1BE-8E3462150410}"
EndProject
Project("{FAE04EC0-301F-11D3-BF4B-00C04F79EFBC}") = "Lumen.App.ModuleLoader", "Lumen.App.ModuleLoader\Lumen.App.ModuleLoader.csproj", "{C0ABC9EC-3286-44A8-B8C4-C1A80FD7BD01}"
EndProject
Project("{FAE04EC0-301F-11D3-BF4B-00C04F79EFBC}") = "Lumen.App.UI", "Lumen.App.UI\Lumen.App.UI\Lumen.App.UI.csproj", "{797F25F1-53DA-4196-B3B0-CAFB84D34DE1}"
EndProject
Project("{FAE04EC0-301F-11D3-BF4B-00C04F79EFBC}") = "Lumen.App.UI.Android", "Lumen.App.UI\Lumen.App.UI.Android\Lumen.App.UI.Android.csproj", "{EF4F7940-15F0-4BB8-A386-FDB95A2A65B0}"
EndProject
Project("{FAE04EC0-301F-11D3-BF4B-00C04F79EFBC}") = "Lumen.App.UI.Desktop", "Lumen.App.UI\Lumen.App.UI.Desktop\Lumen.App.UI.Desktop.csproj", "{66B51B5C-4360-4176-8666-316F5F587329}"
EndProject
Project("{FAE04EC0-301F-11D3-BF4B-00C04F79EFBC}") = "Lumen.App.UI.iOS", "Lumen.App.UI\Lumen.App.UI.iOS\Lumen.App.UI.iOS.csproj", "{197D8122-42A4-42DC-9813-5FDFB04EF1EC}"
EndProject
Project("{FAE04EC0-301F-11D3-BF4B-00C04F79EFBC}") = "Lumen.App.UI.Browser", "Lumen.App.UI\Lumen.App.UI.Browser\Lumen.App.UI.Browser.csproj", "{3465E313-2A93-47DD-B100-0F998C4D912C}"
EndProject
Project("{2150E333-8FDC-42A3-9474-1A3956D46DE8}") = "Generic", "Generic", "{9CDDB881-DEC5-4B19-859D-72FBD4CE98DD}"
EndProject
Project("{2150E333-8FDC-42A3-9474-1A3956D46DE8}") = "API", "API", "{78EDE1DF-CAD0-4298-88D0-CF35EF6BDEEB}"
EndProject
Project("{2150E333-8FDC-42A3-9474-1A3956D46DE8}") = "UI", "UI", "{5DFAD941-84BB-443B-97B1-8332CC9A4763}"
EndProject
Global
	GlobalSection(SolutionConfigurationPlatforms) = preSolution
		Debug|Any CPU = Debug|Any CPU
		Release|Any CPU = Release|Any CPU
	EndGlobalSection
	GlobalSection(ProjectConfigurationPlatforms) = postSolution
		{1B9C811C-270D-427E-A1BE-8E3462150410}.Debug|Any CPU.ActiveCfg = Debug|Any CPU
		{1B9C811C-270D-427E-A1BE-8E3462150410}.Debug|Any CPU.Build.0 = Debug|Any CPU
		{1B9C811C-270D-427E-A1BE-8E3462150410}.Release|Any CPU.ActiveCfg = Release|Any CPU
		{1B9C811C-270D-427E-A1BE-8E3462150410}.Release|Any CPU.Build.0 = Release|Any CPU
		{C0ABC9EC-3286-44A8-B8C4-C1A80FD7BD01}.Debug|Any CPU.ActiveCfg = Debug|Any CPU
		{C0ABC9EC-3286-44A8-B8C4-C1A80FD7BD01}.Debug|Any CPU.Build.0 = Debug|Any CPU
		{C0ABC9EC-3286-44A8-B8C4-C1A80FD7BD01}.Release|Any CPU.ActiveCfg = Release|Any CPU
		{C0ABC9EC-3286-44A8-B8C4-C1A80FD7BD01}.Release|Any CPU.Build.0 = Release|Any CPU
		{797F25F1-53DA-4196-B3B0-CAFB84D34DE1}.Debug|Any CPU.ActiveCfg = Debug|Any CPU
		{797F25F1-53DA-4196-B3B0-CAFB84D34DE1}.Debug|Any CPU.Build.0 = Debug|Any CPU
		{797F25F1-53DA-4196-B3B0-CAFB84D34DE1}.Release|Any CPU.ActiveCfg = Release|Any CPU
		{797F25F1-53DA-4196-B3B0-CAFB84D34DE1}.Release|Any CPU.Build.0 = Release|Any CPU
		{EF4F7940-15F0-4BB8-A386-FDB95A2A65B0}.Debug|Any CPU.ActiveCfg = Debug|Any CPU
		{EF4F7940-15F0-4BB8-A386-FDB95A2A65B0}.Debug|Any CPU.Build.0 = Debug|Any CPU
		{EF4F7940-15F0-4BB8-A386-FDB95A2A65B0}.Debug|Any CPU.Deploy.0 = Debug|Any CPU
		{EF4F7940-15F0-4BB8-A386-FDB95A2A65B0}.Release|Any CPU.ActiveCfg = Release|Any CPU
		{EF4F7940-15F0-4BB8-A386-FDB95A2A65B0}.Release|Any CPU.Build.0 = Release|Any CPU
		{EF4F7940-15F0-4BB8-A386-FDB95A2A65B0}.Release|Any CPU.Deploy.0 = Release|Any CPU
		{66B51B5C-4360-4176-8666-316F5F587329}.Debug|Any CPU.ActiveCfg = Debug|Any CPU
		{66B51B5C-4360-4176-8666-316F5F587329}.Debug|Any CPU.Build.0 = Debug|Any CPU
		{66B51B5C-4360-4176-8666-316F5F587329}.Release|Any CPU.ActiveCfg = Release|Any CPU
		{66B51B5C-4360-4176-8666-316F5F587329}.Release|Any CPU.Build.0 = Release|Any CPU
		{197D8122-42A4-42DC-9813-5FDFB04EF1EC}.Debug|Any CPU.ActiveCfg = Debug|Any CPU
		{197D8122-42A4-42DC-9813-5FDFB04EF1EC}.Debug|Any CPU.Build.0 = Debug|Any CPU
		{197D8122-42A4-42DC-9813-5FDFB04EF1EC}.Debug|Any CPU.Deploy.0 = Debug|Any CPU
		{197D8122-42A4-42DC-9813-5FDFB04EF1EC}.Release|Any CPU.ActiveCfg = Release|Any CPU
		{197D8122-42A4-42DC-9813-5FDFB04EF1EC}.Release|Any CPU.Build.0 = Release|Any CPU
		{197D8122-42A4-42DC-9813-5FDFB04EF1EC}.Release|Any CPU.Deploy.0 = Release|Any CPU
		{3465E313-2A93-47DD-B100-0F998C4D912C}.Debug|Any CPU.ActiveCfg = Debug|Any CPU
		{3465E313-2A93-47DD-B100-0F998C4D912C}.Debug|Any CPU.Build.0 = Debug|Any CPU
		{3465E313-2A93-47DD-B100-0F998C4D912C}.Release|Any CPU.ActiveCfg = Release|Any CPU
		{3465E313-2A93-47DD-B100-0F998C4D912C}.Release|Any CPU.Build.0 = Release|Any CPU
	EndGlobalSection
	GlobalSection(SolutionProperties) = preSolution
		HideSolutionNode = FALSE
	EndGlobalSection
	GlobalSection(NestedProjects) = preSolution
		{1B9C811C-270D-427E-A1BE-8E3462150410} = {78EDE1DF-CAD0-4298-88D0-CF35EF6BDEEB}
		{C0ABC9EC-3286-44A8-B8C4-C1A80FD7BD01} = {9CDDB881-DEC5-4B19-859D-72FBD4CE98DD}
		{797F25F1-53DA-4196-B3B0-CAFB84D34DE1} = {5DFAD941-84BB-443B-97B1-8332CC9A4763}
		{EF4F7940-15F0-4BB8-A386-FDB95A2A65B0} = {5DFAD941-84BB-443B-97B1-8332CC9A4763}
		{66B51B5C-4360-4176-8666-316F5F587329} = {5DFAD941-84BB-443B-97B1-8332CC9A4763}
		{197D8122-42A4-42DC-9813-5FDFB04EF1EC} = {5DFAD941-84BB-443B-97B1-8332CC9A4763}
		{3465E313-2A93-47DD-B100-0F998C4D912C} = {5DFAD941-84BB-443B-97B1-8332CC9A4763}
	EndGlobalSection
EndGlobal
