
Microsoft Visual Studio Solution File, Format Version 12.00
# Visual Studio Version 17
VisualStudioVersion = 17.12.35514.174
MinimumVisualStudioVersion = 10.0.40219.1
Project("{FAE04EC0-301F-11D3-BF4B-00C04F79EFBC}") = "Lumen.App.WebAPI", "Lumen.App.WebAPI\Lumen.App.WebAPI.csproj", "{1B9C811C-270D-427E-A1BE-8E3462150410}"
EndProject
Project("{FAE04EC0-301F-11D3-BF4B-00C04F79EFBC}") = "Lumen.App.ModuleLoader", "Lumen.App.ModuleLoader\Lumen.App.ModuleLoader.csproj", "{C0ABC9EC-3286-44A8-B8C4-C1A80FD7BD01}"
EndProject
Project("{2150E333-8FDC-42A3-9474-1A3956D46DE8}") = "Generic", "Generic", "{9CDDB881-DEC5-4B19-859D-72FBD4CE98DD}"
EndProject
Project("{2150E333-8FDC-42A3-9474-1A3956D46DE8}") = "API", "API", "{78EDE1DF-CAD0-4298-88D0-CF35EF6BDEEB}"
EndProject
Global
	GlobalSection(SolutionConfigurationPlatforms) = preSolution
		Debug|Any CPU = Debug|Any CPU
		Release|Any CPU = Release|Any CPU
	EndGlobalSection
	GlobalSection(ProjectConfigurationPlatforms) = postSolution
		{1B9C811C-270D-427E-A1BE-8E3462150410}.Debug|Any CPU.ActiveCfg = Debug|Any CPU
		{1B9C811C-270D-427E-A1BE-8E3462150410}.Debug|Any CPU.Build.0 = Debug|Any CPU
		{1B9C811C-270D-427E-A1BE-8E3462150410}.Release|Any CPU.ActiveCfg = Release|Any CPU
		{1B9C811C-270D-427E-A1BE-8E3462150410}.Release|Any CPU.Build.0 = Release|Any CPU
		{C0ABC9EC-3286-44A8-B8C4-C1A80FD7BD01}.Debug|Any CPU.ActiveCfg = Debug|Any CPU
		{C0ABC9EC-3286-44A8-B8C4-C1A80FD7BD01}.Debug|Any CPU.Build.0 = Debug|Any CPU
		{C0ABC9EC-3286-44A8-B8C4-C1A80FD7BD01}.Release|Any CPU.ActiveCfg = Release|Any CPU
		{C0ABC9EC-3286-44A8-B8C4-C1A80FD7BD01}.Release|Any CPU.Build.0 = Release|Any CPU
	EndGlobalSection
	GlobalSection(SolutionProperties) = preSolution
		HideSolutionNode = FALSE
	EndGlobalSection
	GlobalSection(NestedProjects) = preSolution
		{1B9C811C-270D-427E-A1BE-8E3462150410} = {78EDE1DF-CAD0-4298-88D0-CF35EF6BDEEB}
		{C0ABC9EC-3286-44A8-B8C4-C1A80FD7BD01} = {9CDDB881-DEC5-4B19-859D-72FBD4CE98DD}
	EndGlobalSection
EndGlobal
